
Microsoft Visual Studio Solution File, Format Version 12.00
# Visual Studio 15
VisualStudioVersion = 15.0.27004.2006
MinimumVisualStudioVersion = 10.0.40219.1
Project("{9A19103F-16F7-4668-BE54-9A1E7A4F7556}") = "Core", "Core\Core.csproj", "{5D9BE9E0-8252-42EE-9C83-05200A193252}"
EndProject
Project("{9A19103F-16F7-4668-BE54-9A1E7A4F7556}") = "CoreTests", "CoreTests\CoreTests.csproj", "{C8F84E2A-9F47-41AF-825E-783FD9898330}"
EndProject
Global
	GlobalSection(SolutionConfigurationPlatforms) = preSolution
		Debug|Any CPU = Debug|Any CPU
		Release|Any CPU = Release|Any CPU
	EndGlobalSection
	GlobalSection(ProjectConfigurationPlatforms) = postSolution
		{5D9BE9E0-8252-42EE-9C83-05200A193252}.Debug|Any CPU.ActiveCfg = Debug|Any CPU
		{5D9BE9E0-8252-42EE-9C83-05200A193252}.Debug|Any CPU.Build.0 = Debug|Any CPU
		{5D9BE9E0-8252-42EE-9C83-05200A193252}.Release|Any CPU.ActiveCfg = Release|Any CPU
		{5D9BE9E0-8252-42EE-9C83-05200A193252}.Release|Any CPU.Build.0 = Release|Any CPU
		{C8F84E2A-9F47-41AF-825E-783FD9898330}.Debug|Any CPU.ActiveCfg = Debug|Any CPU
		{C8F84E2A-9F47-41AF-825E-783FD9898330}.Debug|Any CPU.Build.0 = Debug|Any CPU
		{C8F84E2A-9F47-41AF-825E-783FD9898330}.Release|Any CPU.ActiveCfg = Release|Any CPU
		{C8F84E2A-9F47-41AF-825E-783FD9898330}.Release|Any CPU.Build.0 = Release|Any CPU
	EndGlobalSection
	GlobalSection(SolutionProperties) = preSolution
		HideSolutionNode = FALSE
	EndGlobalSection
	GlobalSection(ExtensibilityGlobals) = postSolution
		SolutionGuid = {073BC33D-9922-4B29-953B-5DE03C015CDC}
	EndGlobalSection
EndGlobal
