
Microsoft Visual Studio Solution File, Format Version 12.00
# Visual Studio 15
VisualStudioVersion = 15.0.27130.2027
MinimumVisualStudioVersion = 10.0.40219.1
Project("{9A19103F-16F7-4668-BE54-9A1E7A4F7556}") = "Core", "Core\Core.csproj", "{89C1779D-5641-465D-833D-7F26B78F6743}"
EndProject
Project("{9A19103F-16F7-4668-BE54-9A1E7A4F7556}") = "Core.Tests", "CoreTests\Core.Tests.csproj", "{9F0190C0-FC43-4CF1-8CE0-2A785C07BA6B}"
EndProject
Global
	GlobalSection(SolutionConfigurationPlatforms) = preSolution
		Debug|Any CPU = Debug|Any CPU
		Release|Any CPU = Release|Any CPU
	EndGlobalSection
	GlobalSection(ProjectConfigurationPlatforms) = postSolution
		{89C1779D-5641-465D-833D-7F26B78F6743}.Debug|Any CPU.ActiveCfg = Debug|Any CPU
		{89C1779D-5641-465D-833D-7F26B78F6743}.Debug|Any CPU.Build.0 = Debug|Any CPU
		{89C1779D-5641-465D-833D-7F26B78F6743}.Release|Any CPU.ActiveCfg = Release|Any CPU
		{89C1779D-5641-465D-833D-7F26B78F6743}.Release|Any CPU.Build.0 = Release|Any CPU
		{9F0190C0-FC43-4CF1-8CE0-2A785C07BA6B}.Debug|Any CPU.ActiveCfg = Debug|Any CPU
		{9F0190C0-FC43-4CF1-8CE0-2A785C07BA6B}.Debug|Any CPU.Build.0 = Debug|Any CPU
		{9F0190C0-FC43-4CF1-8CE0-2A785C07BA6B}.Release|Any CPU.ActiveCfg = Release|Any CPU
		{9F0190C0-FC43-4CF1-8CE0-2A785C07BA6B}.Release|Any CPU.Build.0 = Release|Any CPU
	EndGlobalSection
	GlobalSection(SolutionProperties) = preSolution
		HideSolutionNode = FALSE
	EndGlobalSection
	GlobalSection(ExtensibilityGlobals) = postSolution
		SolutionGuid = {073BC33D-9922-4B29-953B-5DE03C015CDC}
	EndGlobalSection
EndGlobal
